
Microsoft Visual Studio Solution File, Format Version 12.00
# Visual Studio Version 16
VisualStudioVersion = 16.0.31025.194
MinimumVisualStudioVersion = 10.0.40219.1
Project("{FAE04EC0-301F-11D3-BF4B-00C04F79EFBC}") = "Calendar", "Calendar.csproj", "{22267BF9-8663-44EF-85DE-EDA83766E937}"
EndProject
Global
	GlobalSection(SolutionConfigurationPlatforms) = preSolution
		Debug|Any CPU = Debug|Any CPU
		Release|Any CPU = Release|Any CPU
	EndGlobalSection
	GlobalSection(ProjectConfigurationPlatforms) = postSolution
		{22267BF9-8663-44EF-85DE-EDA83766E937}.Debug|Any CPU.ActiveCfg = Debug|Any CPU
		{22267BF9-8663-44EF-85DE-EDA83766E937}.Debug|Any CPU.Build.0 = Debug|Any CPU
		{22267BF9-8663-44EF-85DE-EDA83766E937}.Release|Any CPU.ActiveCfg = Release|Any CPU
		{22267BF9-8663-44EF-85DE-EDA83766E937}.Release|Any CPU.Build.0 = Release|Any CPU
	EndGlobalSection
	GlobalSection(SolutionProperties) = preSolution
		HideSolutionNode = FALSE
	EndGlobalSection
	GlobalSection(ExtensibilityGlobals) = postSolution
		SolutionGuid = {2B05728D-FF56-4317-AA4E-9651D69B25E2}
	EndGlobalSection
EndGlobal
